
Microsoft Visual Studio Solution File, Format Version 12.00
# Visual Studio Version 16
VisualStudioVersion = 16.0.29326.143
MinimumVisualStudioVersion = 10.0.40219.1
Project("{FAE04EC0-301F-11D3-BF4B-00C04F79EFBC}") = "NBPcurrency", "NBPcurrency\NBPcurrency.csproj", "{D0124114-3615-411E-B018-445B94D2B05D}"
EndProject
Project("{FAE04EC0-301F-11D3-BF4B-00C04F79EFBC}") = "NBPcurrencyConsoleApp", "NBPcurrencyConsoleApp\NBPcurrencyConsoleApp.csproj", "{23BC1CE4-5501-44FA-9607-F48069FC282C}"
EndProject
Global
	GlobalSection(SolutionConfigurationPlatforms) = preSolution
		Debug|Any CPU = Debug|Any CPU
		Release|Any CPU = Release|Any CPU
	EndGlobalSection
	GlobalSection(ProjectConfigurationPlatforms) = postSolution
		{D0124114-3615-411E-B018-445B94D2B05D}.Debug|Any CPU.ActiveCfg = Debug|Any CPU
		{D0124114-3615-411E-B018-445B94D2B05D}.Debug|Any CPU.Build.0 = Debug|Any CPU
		{D0124114-3615-411E-B018-445B94D2B05D}.Release|Any CPU.ActiveCfg = Release|Any CPU
		{D0124114-3615-411E-B018-445B94D2B05D}.Release|Any CPU.Build.0 = Release|Any CPU
		{23BC1CE4-5501-44FA-9607-F48069FC282C}.Debug|Any CPU.ActiveCfg = Debug|Any CPU
		{23BC1CE4-5501-44FA-9607-F48069FC282C}.Debug|Any CPU.Build.0 = Debug|Any CPU
		{23BC1CE4-5501-44FA-9607-F48069FC282C}.Release|Any CPU.ActiveCfg = Release|Any CPU
		{23BC1CE4-5501-44FA-9607-F48069FC282C}.Release|Any CPU.Build.0 = Release|Any CPU
	EndGlobalSection
	GlobalSection(SolutionProperties) = preSolution
		HideSolutionNode = FALSE
	EndGlobalSection
	GlobalSection(ExtensibilityGlobals) = postSolution
		SolutionGuid = {80CED1C4-BE38-4D4A-86A0-0D0DDB9EBDA8}
	EndGlobalSection
EndGlobal
